
Microsoft Visual Studio Solution File, Format Version 12.00
# Visual Studio 15
VisualStudioVersion = 15.0.27004.2010
MinimumVisualStudioVersion = 10.0.40219.1
Project("{8BC9CEB8-8B4A-11D0-8D11-00A0C91BC942}") = "01_소켓프로그래밍시작_server", "01_소켓프로그래밍시작_server\01_소켓프로그래밍시작_server.vcxproj", "{9709B66A-A181-4EB6-83F7-2DDB2896F863}"
EndProject
Project("{8BC9CEB8-8B4A-11D0-8D11-00A0C91BC942}") = "01_소켓프로그래밍시작_client", "01_소켓프로그래밍시작_client\01_소켓프로그래밍시작_client.vcxproj", "{43EA104C-6E5F-46AF-AA26-28BFAB77DD20}"
EndProject
Project("{8BC9CEB8-8B4A-11D0-8D11-00A0C91BC942}") = "02_소켓의 타입과 프로토콜의 설정_server", "02_소켓의 타입과 프로토콜의 설정_server\02_소켓의 타입과 프로토콜의 설정_server.vcxproj", "{9982B9AC-20AF-493D-93AE-32D73CEB165D}"
EndProject
Project("{8BC9CEB8-8B4A-11D0-8D11-00A0C91BC942}") = "02_소켓의 타입과 프로토콜의 설정_client", "02_소켓의 타입과 프로토콜의 설정_client\02_소켓의 타입과 프로토콜의 설정_client.vcxproj", "{454248D0-718A-426D-8B54-556FB1399C0C}"
EndProject
Project("{8BC9CEB8-8B4A-11D0-8D11-00A0C91BC942}") = "04_TCP 기반 서버_클라이언트_client", "04_TCP 기반 서버_클라이언트_client\04_TCP 기반 서버_클라이언트_client.vcxproj", "{62039F15-775D-4855-B466-4EB0F3396943}"
EndProject
Project("{8BC9CEB8-8B4A-11D0-8D11-00A0C91BC942}") = "04_TCP 기반 서버_클라이언트_server", "04_TCP 기반 서버_클라이언트_server\04_TCP 기반 서버_클라이언트_server.vcxproj", "{666C212D-F91D-4D62-A1DA-4C39C29A89E1}"
EndProject
Project("{8BC9CEB8-8B4A-11D0-8D11-00A0C91BC942}") = "12_IO 멀티플렉싱", "12_IO 멀티플렉싱\12_IO 멀티플렉싱.vcxproj", "{A190F874-348B-42F3-A11B-4CEE62A5B3C6}"
EndProject
Project("{8BC9CEB8-8B4A-11D0-8D11-00A0C91BC942}") = "13_다양한입출력방식_server", "13_다양한입출력방식_server\13_다양한입출력방식_server.vcxproj", "{D420B3EF-C1B5-45D0-A9C7-EA0053F3DB7F}"
EndProject
Project("{8BC9CEB8-8B4A-11D0-8D11-00A0C91BC942}") = "13_다양한입출력방식_client", "13_다양한입출력방식_client\13_다양한입출력방식_client.vcxproj", "{4F5D372A-EE53-416C-8650-A6282EEA3CC1}"
EndProject
Project("{8BC9CEB8-8B4A-11D0-8D11-00A0C91BC942}") = "19_Windows 에서의 쓰레드 사용_thread1_win", "19_Windows 에서의 쓰레드 사용_thread1_win\19_Windows 에서의 쓰레드 사용_thread1_win.vcxproj", "{138DE15A-26EF-4C04-9932-73B75167BEE4}"
EndProject
Project("{8BC9CEB8-8B4A-11D0-8D11-00A0C91BC942}") = "19_Windows 에서의 쓰레드 사용_thread2_win", "19_Windows 에서의 쓰레드 사용_thread2_win\19_Windows 에서의 쓰레드 사용_thread2_win.vcxproj", "{C2C7C9B5-FCF8-40BB-8ED9-0DE75DF4CC47}"
EndProject
Project("{8BC9CEB8-8B4A-11D0-8D11-00A0C91BC942}") = "19_Windows 에서의 쓰레드 사용_thread3_win", "19_Windows 에서의 쓰레드 사용_thread3_win\19_Windows 에서의 쓰레드 사용_thread3_win.vcxproj", "{9334AB8C-D75E-4F5E-A074-3080FBE07E8C}"
EndProject
Project("{8BC9CEB8-8B4A-11D0-8D11-00A0C91BC942}") = "20_Windows에서의 쓰레드 동기화_1_SyncCS", "20_Windows에서의 쓰레드 동기화_SyncCS\20_Windows에서의 쓰레드 동기화_SyncCS.vcxproj", "{BAE9932C-A3A9-4BB7-BA7C-F96B15AE2BAA}"
EndProject
Project("{8BC9CEB8-8B4A-11D0-8D11-00A0C91BC942}") = "20_Windows에서의 쓰레드 동기화_2_SyncMutex", "20_Windows에서의 쓰레드 동기화_2_SyncMutex\20_Windows에서의 쓰레드 동기화_2_SyncMutex.vcxproj", "{D26E01EA-56BF-4A67-A7FA-FDC2F1A45674}"
EndProject
Project("{8BC9CEB8-8B4A-11D0-8D11-00A0C91BC942}") = "20_Windows에서의 쓰레드 동기화_3_SyncSema", "20_Windows에서의 쓰레드 동기화_3_SyncSema\20_Windows에서의 쓰레드 동기화_3_SyncSema.vcxproj", "{E9E5AC0A-B28D-4F67-AA70-C361A5097E64}"
EndProject
Project("{8BC9CEB8-8B4A-11D0-8D11-00A0C91BC942}") = "20_Windows에서의 쓰레드 동기화_4_SyncEvent", "20_Windows에서의 쓰레드 동기화_4_SyncEvent\20_Windows에서의 쓰레드 동기화_4_SyncEvent.vcxproj", "{DCC39A27-3373-4100-867F-0ED609F8ADF3}"
EndProject
Project("{8BC9CEB8-8B4A-11D0-8D11-00A0C91BC942}") = "20_Windows에서의 쓰레드 동기화_5_ChatServer", "20_Windows에서의 쓰레드 동기화_5_ChatServer\20_Windows에서의 쓰레드 동기화_5_ChatServer.vcxproj", "{2310EEAD-F3D2-4983-B11B-541690068013}"
EndProject
Project("{8BC9CEB8-8B4A-11D0-8D11-00A0C91BC942}") = "20_Windows에서의 쓰레드 동기화_6_ChatClient", "20_Windows에서의 쓰레드 동기화_6_ChatClient\20_Windows에서의 쓰레드 동기화_6_ChatClient.vcxproj", "{4ED133F4-6AC5-4282-84CA-CADF6C9ED5CE}"
EndProject
Global
	GlobalSection(SolutionConfigurationPlatforms) = preSolution
		Debug|x64 = Debug|x64
		Debug|x86 = Debug|x86
		Release|x64 = Release|x64
		Release|x86 = Release|x86
	EndGlobalSection
	GlobalSection(ProjectConfigurationPlatforms) = postSolution
		{9709B66A-A181-4EB6-83F7-2DDB2896F863}.Debug|x64.ActiveCfg = Debug|x64
		{9709B66A-A181-4EB6-83F7-2DDB2896F863}.Debug|x64.Build.0 = Debug|x64
		{9709B66A-A181-4EB6-83F7-2DDB2896F863}.Debug|x86.ActiveCfg = Debug|Win32
		{9709B66A-A181-4EB6-83F7-2DDB2896F863}.Debug|x86.Build.0 = Debug|Win32
		{9709B66A-A181-4EB6-83F7-2DDB2896F863}.Release|x64.ActiveCfg = Release|x64
		{9709B66A-A181-4EB6-83F7-2DDB2896F863}.Release|x64.Build.0 = Release|x64
		{9709B66A-A181-4EB6-83F7-2DDB2896F863}.Release|x86.ActiveCfg = Release|Win32
		{9709B66A-A181-4EB6-83F7-2DDB2896F863}.Release|x86.Build.0 = Release|Win32
		{43EA104C-6E5F-46AF-AA26-28BFAB77DD20}.Debug|x64.ActiveCfg = Debug|x64
		{43EA104C-6E5F-46AF-AA26-28BFAB77DD20}.Debug|x64.Build.0 = Debug|x64
		{43EA104C-6E5F-46AF-AA26-28BFAB77DD20}.Debug|x86.ActiveCfg = Debug|Win32
		{43EA104C-6E5F-46AF-AA26-28BFAB77DD20}.Debug|x86.Build.0 = Debug|Win32
		{43EA104C-6E5F-46AF-AA26-28BFAB77DD20}.Release|x64.ActiveCfg = Release|x64
		{43EA104C-6E5F-46AF-AA26-28BFAB77DD20}.Release|x64.Build.0 = Release|x64
		{43EA104C-6E5F-46AF-AA26-28BFAB77DD20}.Release|x86.ActiveCfg = Release|Win32
		{43EA104C-6E5F-46AF-AA26-28BFAB77DD20}.Release|x86.Build.0 = Release|Win32
		{9982B9AC-20AF-493D-93AE-32D73CEB165D}.Debug|x64.ActiveCfg = Debug|x64
		{9982B9AC-20AF-493D-93AE-32D73CEB165D}.Debug|x64.Build.0 = Debug|x64
		{9982B9AC-20AF-493D-93AE-32D73CEB165D}.Debug|x86.ActiveCfg = Debug|Win32
		{9982B9AC-20AF-493D-93AE-32D73CEB165D}.Debug|x86.Build.0 = Debug|Win32
		{9982B9AC-20AF-493D-93AE-32D73CEB165D}.Release|x64.ActiveCfg = Release|x64
		{9982B9AC-20AF-493D-93AE-32D73CEB165D}.Release|x64.Build.0 = Release|x64
		{9982B9AC-20AF-493D-93AE-32D73CEB165D}.Release|x86.ActiveCfg = Release|Win32
		{9982B9AC-20AF-493D-93AE-32D73CEB165D}.Release|x86.Build.0 = Release|Win32
		{454248D0-718A-426D-8B54-556FB1399C0C}.Debug|x64.ActiveCfg = Debug|x64
		{454248D0-718A-426D-8B54-556FB1399C0C}.Debug|x64.Build.0 = Debug|x64
		{454248D0-718A-426D-8B54-556FB1399C0C}.Debug|x86.ActiveCfg = Debug|Win32
		{454248D0-718A-426D-8B54-556FB1399C0C}.Debug|x86.Build.0 = Debug|Win32
		{454248D0-718A-426D-8B54-556FB1399C0C}.Release|x64.ActiveCfg = Release|x64
		{454248D0-718A-426D-8B54-556FB1399C0C}.Release|x64.Build.0 = Release|x64
		{454248D0-718A-426D-8B54-556FB1399C0C}.Release|x86.ActiveCfg = Release|Win32
		{454248D0-718A-426D-8B54-556FB1399C0C}.Release|x86.Build.0 = Release|Win32
		{62039F15-775D-4855-B466-4EB0F3396943}.Debug|x64.ActiveCfg = Debug|x64
		{62039F15-775D-4855-B466-4EB0F3396943}.Debug|x64.Build.0 = Debug|x64
		{62039F15-775D-4855-B466-4EB0F3396943}.Debug|x86.ActiveCfg = Debug|Win32
		{62039F15-775D-4855-B466-4EB0F3396943}.Debug|x86.Build.0 = Debug|Win32
		{62039F15-775D-4855-B466-4EB0F3396943}.Release|x64.ActiveCfg = Release|x64
		{62039F15-775D-4855-B466-4EB0F3396943}.Release|x64.Build.0 = Release|x64
		{62039F15-775D-4855-B466-4EB0F3396943}.Release|x86.ActiveCfg = Release|Win32
		{62039F15-775D-4855-B466-4EB0F3396943}.Release|x86.Build.0 = Release|Win32
		{666C212D-F91D-4D62-A1DA-4C39C29A89E1}.Debug|x64.ActiveCfg = Debug|x64
		{666C212D-F91D-4D62-A1DA-4C39C29A89E1}.Debug|x64.Build.0 = Debug|x64
		{666C212D-F91D-4D62-A1DA-4C39C29A89E1}.Debug|x86.ActiveCfg = Debug|Win32
		{666C212D-F91D-4D62-A1DA-4C39C29A89E1}.Debug|x86.Build.0 = Debug|Win32
		{666C212D-F91D-4D62-A1DA-4C39C29A89E1}.Release|x64.ActiveCfg = Release|x64
		{666C212D-F91D-4D62-A1DA-4C39C29A89E1}.Release|x64.Build.0 = Release|x64
		{666C212D-F91D-4D62-A1DA-4C39C29A89E1}.Release|x86.ActiveCfg = Release|Win32
		{666C212D-F91D-4D62-A1DA-4C39C29A89E1}.Release|x86.Build.0 = Release|Win32
		{A190F874-348B-42F3-A11B-4CEE62A5B3C6}.Debug|x64.ActiveCfg = Debug|x64
		{A190F874-348B-42F3-A11B-4CEE62A5B3C6}.Debug|x64.Build.0 = Debug|x64
		{A190F874-348B-42F3-A11B-4CEE62A5B3C6}.Debug|x86.ActiveCfg = Debug|Win32
		{A190F874-348B-42F3-A11B-4CEE62A5B3C6}.Debug|x86.Build.0 = Debug|Win32
		{A190F874-348B-42F3-A11B-4CEE62A5B3C6}.Release|x64.ActiveCfg = Release|x64
		{A190F874-348B-42F3-A11B-4CEE62A5B3C6}.Release|x64.Build.0 = Release|x64
		{A190F874-348B-42F3-A11B-4CEE62A5B3C6}.Release|x86.ActiveCfg = Release|Win32
		{A190F874-348B-42F3-A11B-4CEE62A5B3C6}.Release|x86.Build.0 = Release|Win32
		{D420B3EF-C1B5-45D0-A9C7-EA0053F3DB7F}.Debug|x64.ActiveCfg = Debug|x64
		{D420B3EF-C1B5-45D0-A9C7-EA0053F3DB7F}.Debug|x64.Build.0 = Debug|x64
		{D420B3EF-C1B5-45D0-A9C7-EA0053F3DB7F}.Debug|x86.ActiveCfg = Debug|Win32
		{D420B3EF-C1B5-45D0-A9C7-EA0053F3DB7F}.Debug|x86.Build.0 = Debug|Win32
		{D420B3EF-C1B5-45D0-A9C7-EA0053F3DB7F}.Release|x64.ActiveCfg = Release|x64
		{D420B3EF-C1B5-45D0-A9C7-EA0053F3DB7F}.Release|x64.Build.0 = Release|x64
		{D420B3EF-C1B5-45D0-A9C7-EA0053F3DB7F}.Release|x86.ActiveCfg = Release|Win32
		{D420B3EF-C1B5-45D0-A9C7-EA0053F3DB7F}.Release|x86.Build.0 = Release|Win32
		{4F5D372A-EE53-416C-8650-A6282EEA3CC1}.Debug|x64.ActiveCfg = Debug|x64
		{4F5D372A-EE53-416C-8650-A6282EEA3CC1}.Debug|x64.Build.0 = Debug|x64
		{4F5D372A-EE53-416C-8650-A6282EEA3CC1}.Debug|x86.ActiveCfg = Debug|Win32
		{4F5D372A-EE53-416C-8650-A6282EEA3CC1}.Debug|x86.Build.0 = Debug|Win32
		{4F5D372A-EE53-416C-8650-A6282EEA3CC1}.Release|x64.ActiveCfg = Release|x64
		{4F5D372A-EE53-416C-8650-A6282EEA3CC1}.Release|x64.Build.0 = Release|x64
		{4F5D372A-EE53-416C-8650-A6282EEA3CC1}.Release|x86.ActiveCfg = Release|Win32
		{4F5D372A-EE53-416C-8650-A6282EEA3CC1}.Release|x86.Build.0 = Release|Win32
		{138DE15A-26EF-4C04-9932-73B75167BEE4}.Debug|x64.ActiveCfg = Debug|x64
		{138DE15A-26EF-4C04-9932-73B75167BEE4}.Debug|x64.Build.0 = Debug|x64
		{138DE15A-26EF-4C04-9932-73B75167BEE4}.Debug|x86.ActiveCfg = Debug|Win32
		{138DE15A-26EF-4C04-9932-73B75167BEE4}.Debug|x86.Build.0 = Debug|Win32
		{138DE15A-26EF-4C04-9932-73B75167BEE4}.Release|x64.ActiveCfg = Release|x64
		{138DE15A-26EF-4C04-9932-73B75167BEE4}.Release|x64.Build.0 = Release|x64
		{138DE15A-26EF-4C04-9932-73B75167BEE4}.Release|x86.ActiveCfg = Release|Win32
		{138DE15A-26EF-4C04-9932-73B75167BEE4}.Release|x86.Build.0 = Release|Win32
		{C2C7C9B5-FCF8-40BB-8ED9-0DE75DF4CC47}.Debug|x64.ActiveCfg = Debug|x64
		{C2C7C9B5-FCF8-40BB-8ED9-0DE75DF4CC47}.Debug|x64.Build.0 = Debug|x64
		{C2C7C9B5-FCF8-40BB-8ED9-0DE75DF4CC47}.Debug|x86.ActiveCfg = Debug|Win32
		{C2C7C9B5-FCF8-40BB-8ED9-0DE75DF4CC47}.Debug|x86.Build.0 = Debug|Win32
		{C2C7C9B5-FCF8-40BB-8ED9-0DE75DF4CC47}.Release|x64.ActiveCfg = Release|x64
		{C2C7C9B5-FCF8-40BB-8ED9-0DE75DF4CC47}.Release|x64.Build.0 = Release|x64
		{C2C7C9B5-FCF8-40BB-8ED9-0DE75DF4CC47}.Release|x86.ActiveCfg = Release|Win32
		{C2C7C9B5-FCF8-40BB-8ED9-0DE75DF4CC47}.Release|x86.Build.0 = Release|Win32
		{9334AB8C-D75E-4F5E-A074-3080FBE07E8C}.Debug|x64.ActiveCfg = Debug|x64
		{9334AB8C-D75E-4F5E-A074-3080FBE07E8C}.Debug|x64.Build.0 = Debug|x64
		{9334AB8C-D75E-4F5E-A074-3080FBE07E8C}.Debug|x86.ActiveCfg = Debug|Win32
		{9334AB8C-D75E-4F5E-A074-3080FBE07E8C}.Debug|x86.Build.0 = Debug|Win32
		{9334AB8C-D75E-4F5E-A074-3080FBE07E8C}.Release|x64.ActiveCfg = Release|x64
		{9334AB8C-D75E-4F5E-A074-3080FBE07E8C}.Release|x64.Build.0 = Release|x64
		{9334AB8C-D75E-4F5E-A074-3080FBE07E8C}.Release|x86.ActiveCfg = Release|Win32
		{9334AB8C-D75E-4F5E-A074-3080FBE07E8C}.Release|x86.Build.0 = Release|Win32
		{BAE9932C-A3A9-4BB7-BA7C-F96B15AE2BAA}.Debug|x64.ActiveCfg = Debug|x64
		{BAE9932C-A3A9-4BB7-BA7C-F96B15AE2BAA}.Debug|x64.Build.0 = Debug|x64
		{BAE9932C-A3A9-4BB7-BA7C-F96B15AE2BAA}.Debug|x86.ActiveCfg = Debug|Win32
		{BAE9932C-A3A9-4BB7-BA7C-F96B15AE2BAA}.Debug|x86.Build.0 = Debug|Win32
		{BAE9932C-A3A9-4BB7-BA7C-F96B15AE2BAA}.Release|x64.ActiveCfg = Release|x64
		{BAE9932C-A3A9-4BB7-BA7C-F96B15AE2BAA}.Release|x64.Build.0 = Release|x64
		{BAE9932C-A3A9-4BB7-BA7C-F96B15AE2BAA}.Release|x86.ActiveCfg = Release|Win32
		{BAE9932C-A3A9-4BB7-BA7C-F96B15AE2BAA}.Release|x86.Build.0 = Release|Win32
		{D26E01EA-56BF-4A67-A7FA-FDC2F1A45674}.Debug|x64.ActiveCfg = Debug|x64
		{D26E01EA-56BF-4A67-A7FA-FDC2F1A45674}.Debug|x64.Build.0 = Debug|x64
		{D26E01EA-56BF-4A67-A7FA-FDC2F1A45674}.Debug|x86.ActiveCfg = Debug|Win32
		{D26E01EA-56BF-4A67-A7FA-FDC2F1A45674}.Debug|x86.Build.0 = Debug|Win32
		{D26E01EA-56BF-4A67-A7FA-FDC2F1A45674}.Release|x64.ActiveCfg = Release|x64
		{D26E01EA-56BF-4A67-A7FA-FDC2F1A45674}.Release|x64.Build.0 = Release|x64
		{D26E01EA-56BF-4A67-A7FA-FDC2F1A45674}.Release|x86.ActiveCfg = Release|Win32
		{D26E01EA-56BF-4A67-A7FA-FDC2F1A45674}.Release|x86.Build.0 = Release|Win32
		{E9E5AC0A-B28D-4F67-AA70-C361A5097E64}.Debug|x64.ActiveCfg = Debug|x64
		{E9E5AC0A-B28D-4F67-AA70-C361A5097E64}.Debug|x64.Build.0 = Debug|x64
		{E9E5AC0A-B28D-4F67-AA70-C361A5097E64}.Debug|x86.ActiveCfg = Debug|Win32
		{E9E5AC0A-B28D-4F67-AA70-C361A5097E64}.Debug|x86.Build.0 = Debug|Win32
		{E9E5AC0A-B28D-4F67-AA70-C361A5097E64}.Release|x64.ActiveCfg = Release|x64
		{E9E5AC0A-B28D-4F67-AA70-C361A5097E64}.Release|x64.Build.0 = Release|x64
		{E9E5AC0A-B28D-4F67-AA70-C361A5097E64}.Release|x86.ActiveCfg = Release|Win32
		{E9E5AC0A-B28D-4F67-AA70-C361A5097E64}.Release|x86.Build.0 = Release|Win32
		{DCC39A27-3373-4100-867F-0ED609F8ADF3}.Debug|x64.ActiveCfg = Debug|x64
		{DCC39A27-3373-4100-867F-0ED609F8ADF3}.Debug|x64.Build.0 = Debug|x64
		{DCC39A27-3373-4100-867F-0ED609F8ADF3}.Debug|x86.ActiveCfg = Debug|Win32
		{DCC39A27-3373-4100-867F-0ED609F8ADF3}.Debug|x86.Build.0 = Debug|Win32
		{DCC39A27-3373-4100-867F-0ED609F8ADF3}.Release|x64.ActiveCfg = Release|x64
		{DCC39A27-3373-4100-867F-0ED609F8ADF3}.Release|x64.Build.0 = Release|x64
		{DCC39A27-3373-4100-867F-0ED609F8ADF3}.Release|x86.ActiveCfg = Release|Win32
		{DCC39A27-3373-4100-867F-0ED609F8ADF3}.Release|x86.Build.0 = Release|Win32
		{2310EEAD-F3D2-4983-B11B-541690068013}.Debug|x64.ActiveCfg = Debug|x64
		{2310EEAD-F3D2-4983-B11B-541690068013}.Debug|x64.Build.0 = Debug|x64
		{2310EEAD-F3D2-4983-B11B-541690068013}.Debug|x86.ActiveCfg = Debug|Win32
		{2310EEAD-F3D2-4983-B11B-541690068013}.Debug|x86.Build.0 = Debug|Win32
		{2310EEAD-F3D2-4983-B11B-541690068013}.Release|x64.ActiveCfg = Release|x64
		{2310EEAD-F3D2-4983-B11B-541690068013}.Release|x64.Build.0 = Release|x64
		{2310EEAD-F3D2-4983-B11B-541690068013}.Release|x86.ActiveCfg = Release|Win32
		{2310EEAD-F3D2-4983-B11B-541690068013}.Release|x86.Build.0 = Release|Win32
		{4ED133F4-6AC5-4282-84CA-CADF6C9ED5CE}.Debug|x64.ActiveCfg = Debug|x64
		{4ED133F4-6AC5-4282-84CA-CADF6C9ED5CE}.Debug|x64.Build.0 = Debug|x64
		{4ED133F4-6AC5-4282-84CA-CADF6C9ED5CE}.Debug|x86.ActiveCfg = Debug|Win32
		{4ED133F4-6AC5-4282-84CA-CADF6C9ED5CE}.Debug|x86.Build.0 = Debug|Win32
		{4ED133F4-6AC5-4282-84CA-CADF6C9ED5CE}.Release|x64.ActiveCfg = Release|x64
		{4ED133F4-6AC5-4282-84CA-CADF6C9ED5CE}.Release|x64.Build.0 = Release|x64
		{4ED133F4-6AC5-4282-84CA-CADF6C9ED5CE}.Release|x86.ActiveCfg = Release|Win32
		{4ED133F4-6AC5-4282-84CA-CADF6C9ED5CE}.Release|x86.Build.0 = Release|Win32
	EndGlobalSection
	GlobalSection(SolutionProperties) = preSolution
		HideSolutionNode = FALSE
	EndGlobalSection
	GlobalSection(ExtensibilityGlobals) = postSolution
		SolutionGuid = {A5AC984F-E9BE-4808-9346-E5A6F1274EF8}
	EndGlobalSection
EndGlobal
